lockfileVersion: '9.0'

settings:
  autoInstallPeers: true
  excludeLinksFromLockfile: false

importers:

  .:
    dependencies:
      '@shopify/react-native-skia':
        specifier: ^2.2.15
        version: 2.2.15(react@19.1.1)
      color-convert:
        specifier: ^3.1.2
        version: 3.1.2
      quantize:
        specifier: ^1.0.2
        version: 1.0.2

packages:

  '@shopify/react-native-skia@2.2.15':
    resolution: {integrity: sha512-T5XBb0szIIjR0WhXl8PYI5cMZgoer1GrDtg3WGpPYoiODpqckZKYM0bByHm3keRQnlNcCGSA74QtrtXAA/GeDg==}
    hasBin: true
    peerDependencies:
      react: '>=19.0'
      react-native: '>=0.78'
      react-native-reanimated: '>=3.19.1'
    peerDependenciesMeta:
      react-native:
        optional: true
      react-native-reanimated:
        optional: true

  '@webgpu/types@0.1.21':
    resolution: {integrity: sha512-pUrWq3V5PiSGFLeLxoGqReTZmiiXwY3jRkIG5sLLKjyqNxrwm/04b4nw7LSmGWJcKk59XOM/YRTUwOzo4MMlow==}

  canvaskit-wasm@0.40.0:
    resolution: {integrity: sha512-Od2o+ZmoEw9PBdN/yCGvzfu0WVqlufBPEWNG452wY7E9aT8RBE+ChpZF526doOlg7zumO4iCS+RAeht4P0Gbpw==}

  color-convert@3.1.2:
    resolution: {integrity: sha512-UNqkvCDXstVck3kdowtOTWROIJQwafjOfXSmddoDrXo4cewMKmusCeF22Q24zvjR8nwWib/3S/dfyzPItPEiJg==}
    engines: {node: '>=14.6'}

  color-name@2.0.2:
    resolution: {integrity: sha512-9vEt7gE16EW7Eu7pvZnR0abW9z6ufzhXxGXZEVU9IqPdlsUiMwJeJfRtq0zePUmnbHGT9zajca7mX8zgoayo4A==}
    engines: {node: '>=12.20'}

  quantize@1.0.2:
    resolution: {integrity: sha512-25P7wI2UoDbIQsQp50ARkt+5pwPsOq7G/BqvT5xAbapnRoNWMN8/p55H9TXd5MuENiJnm5XICB2H2aDZGwts7w==}
    engines: {node: '>=0.10.21'}

  react-reconciler@0.31.0:
    resolution: {integrity: sha512-7Ob7Z+URmesIsIVRjnLoDGwBEG/tVitidU0nMsqX/eeJaLY89RISO/10ERe0MqmzuKUUB1rmY+h1itMbUHg9BQ==}
    engines: {node: '>=0.10.0'}
    peerDependencies:
      react: ^19.0.0

  react@19.1.1:
    resolution: {integrity: sha512-w8nqGImo45dmMIfljjMwOGtbmC/mk4CMYhWIicdSflH91J9TyCyczcPFXJzrZ/ZXcgGRFeP6BU0BEJTw6tZdfQ==}
    engines: {node: '>=0.10.0'}

  scheduler@0.25.0:
    resolution: {integrity: sha512-xFVuu11jh+xcO7JOAGJNOXld8/TcEHK/4CituBUeUb5hqxJLj9YuemAEuvm9gQ/+pgXYfbQuqAkiYu+u7YEsNA==}

snapshots:

  '@shopify/react-native-skia@2.2.15(react@19.1.1)':
    dependencies:
      canvaskit-wasm: 0.40.0
      react: 19.1.1
      react-reconciler: 0.31.0(react@19.1.1)

  '@webgpu/types@0.1.21': {}

  canvaskit-wasm@0.40.0:
    dependencies:
      '@webgpu/types': 0.1.21

  color-convert@3.1.2:
    dependencies:
      color-name: 2.0.2

  color-name@2.0.2: {}

  quantize@1.0.2: {}

  react-reconciler@0.31.0(react@19.1.1):
    dependencies:
      react: 19.1.1
      scheduler: 0.25.0

  react@19.1.1: {}

  scheduler@0.25.0: {}
